
Microsoft Visual Studio Solution File, Format Version 12.00
# Visual Studio Version 17
VisualStudioVersion = 17.9.34607.119
MinimumVisualStudioVersion = 10.0.40219.1
Project("{8BC9CEB8-8B4A-11D0-8D11-00A0C91BC942}") = "FilePathSDA", "FilePathSDA\FilePathSDA.vcxproj", "{EC89B576-572B-46C2-8F80-BD6BD3B2459A}"
EndProject
Global
	GlobalSection(SolutionConfigurationPlatforms) = preSolution
		Debug|x64 = Debug|x64
		Debug|x86 = Debug|x86
		Release|x64 = Release|x64
		Release|x86 = Release|x86
	EndGlobalSection
	GlobalSection(ProjectConfigurationPlatforms) = postSolution
		{EC89B576-572B-46C2-8F80-BD6BD3B2459A}.Debug|x64.ActiveCfg = Debug|x64
		{EC89B576-572B-46C2-8F80-BD6BD3B2459A}.Debug|x64.Build.0 = Debug|x64
		{EC89B576-572B-46C2-8F80-BD6BD3B2459A}.Debug|x86.ActiveCfg = Debug|Win32
		{EC89B576-572B-46C2-8F80-BD6BD3B2459A}.Debug|x86.Build.0 = Debug|Win32
		{EC89B576-572B-46C2-8F80-BD6BD3B2459A}.Release|x64.ActiveCfg = Release|x64
		{EC89B576-572B-46C2-8F80-BD6BD3B2459A}.Release|x64.Build.0 = Release|x64
		{EC89B576-572B-46C2-8F80-BD6BD3B2459A}.Release|x86.ActiveCfg = Release|Win32
		{EC89B576-572B-46C2-8F80-BD6BD3B2459A}.Release|x86.Build.0 = Release|Win32
	EndGlobalSection
	GlobalSection(SolutionProperties) = preSolution
		HideSolutionNode = FALSE
	EndGlobalSection
	GlobalSection(ExtensibilityGlobals) = postSolution
		SolutionGuid = {0B5CE94F-3D8F-48BA-A221-2DD877195D0E}
	EndGlobalSection
EndGlobal
